
Microsoft Visual Studio Solution File, Format Version 12.00
# Visual Studio Version 17
VisualStudioVersion = 17.1.32421.90
MinimumVisualStudioVersion = 10.0.40219.1
Project("{FAE04EC0-301F-11D3-BF4B-00C04F79EFBC}") = "PinCodeValidation", "PinCodeValidation.csproj", "{9A016D00-0C1E-4ECC-9289-48550EC733DB}"
EndProject
Project("{FAE04EC0-301F-11D3-BF4B-00C04F79EFBC}") = "PinCodeTestUnit", "..\PinCodeTestUnit\PinCodeTestUnit.csproj", "{3BC37284-D5D9-46F8-83EE-05E2E32078F5}"
EndProject
Global
	GlobalSection(SolutionConfigurationPlatforms) = preSolution
		Debug|Any CPU = Debug|Any CPU
		Release|Any CPU = Release|Any CPU
	EndGlobalSection
	GlobalSection(ProjectConfigurationPlatforms) = postSolution
		{9A016D00-0C1E-4ECC-9289-48550EC733DB}.Debug|Any CPU.ActiveCfg = Debug|Any CPU
		{9A016D00-0C1E-4ECC-9289-48550EC733DB}.Debug|Any CPU.Build.0 = Debug|Any CPU
		{9A016D00-0C1E-4ECC-9289-48550EC733DB}.Release|Any CPU.ActiveCfg = Release|Any CPU
		{9A016D00-0C1E-4ECC-9289-48550EC733DB}.Release|Any CPU.Build.0 = Release|Any CPU
		{3BC37284-D5D9-46F8-83EE-05E2E32078F5}.Debug|Any CPU.ActiveCfg = Debug|Any CPU
		{3BC37284-D5D9-46F8-83EE-05E2E32078F5}.Debug|Any CPU.Build.0 = Debug|Any CPU
		{3BC37284-D5D9-46F8-83EE-05E2E32078F5}.Release|Any CPU.ActiveCfg = Release|Any CPU
		{3BC37284-D5D9-46F8-83EE-05E2E32078F5}.Release|Any CPU.Build.0 = Release|Any CPU
	EndGlobalSection
	GlobalSection(SolutionProperties) = preSolution
		HideSolutionNode = FALSE
	EndGlobalSection
	GlobalSection(ExtensibilityGlobals) = postSolution
		SolutionGuid = {B8D7CA4B-03A1-4E1D-AE81-B2E99632E5BA}
	EndGlobalSection
EndGlobal
